
Microsoft Visual Studio Solution File, Format Version 12.00
# Visual Studio Version 17
VisualStudioVersion = 17.14.36414.22
MinimumVisualStudioVersion = 10.0.40219.1
Project("{2150E333-8FDC-42A3-9474-1A3956D46DE8}") = "Task0.V26", "Task0.V26", "{36D591C7-65C7-A0D1-1CBC-10CDE441BDC8}"
EndProject
Project("{FAE04EC0-301F-11D3-BF4B-00C04F79EFBC}") = "Tyuiu.EvdokimovKP.Sprint2.Task0.V26", "Tyuiu.EvdokimovKP.Sprint2.Task0.V26\Tyuiu.EvdokimovKP.Sprint2.Task0.V26.csproj", "{F96ED58B-2E3D-479C-85C5-B5710D48BD75}"
EndProject
Project("{FAE04EC0-301F-11D3-BF4B-00C04F79EFBC}") = "Tyuiu.EvdokimovKP.Sprint2.Task0.V26.Lib", "Tyuiu.EvdokimovKP.Sprint2.Task0.V26.Lib\Tyuiu.EvdokimovKP.Sprint2.Task0.V26.Lib.csproj", "{3787A7FF-CA1E-4D32-92F1-124112E961A0}"
EndProject
Project("{FAE04EC0-301F-11D3-BF4B-00C04F79EFBC}") = "Tyuiu.EvdokimovKP.Sprint2.Task0.V26.Test", "Tyuiu.EvdokimovKP.Sprint2.Task0.V26.Test\Tyuiu.EvdokimovKP.Sprint2.Task0.V26.Test.csproj", "{BB2D9A65-5437-45EF-BFE6-F257A6239634}"
EndProject
Project("{2150E333-8FDC-42A3-9474-1A3956D46DE8}") = "Task1.V15", "Task1.V15", "{5699FEB9-ED76-4FAC-8803-30215D0BCB5F}"
EndProject
Project("{FAE04EC0-301F-11D3-BF4B-00C04F79EFBC}") = "Tyuiu.EvdokimovKP.Sprint2.Task1.V15", "Tyuiu.EvdokimovKP.Sprint2.Task1.V15\Tyuiu.EvdokimovKP.Sprint2.Task1.V15.csproj", "{227BC6F2-70D2-4D51-A70F-6FEB382B1BDE}"
EndProject
Project("{FAE04EC0-301F-11D3-BF4B-00C04F79EFBC}") = "Tyuiu.EvdokimovKP.Sprint2.Task1.V15.Lib", "Tyuiu.EvdokimovKP.Sprint2.Task1.V15.Lib\Tyuiu.EvdokimovKP.Sprint2.Task1.V15.Lib.csproj", "{6CB2B7AD-320F-44E4-8546-C57B2BC03A29}"
EndProject
Project("{FAE04EC0-301F-11D3-BF4B-00C04F79EFBC}") = "Tyuiu.EvdokimovKP.Sprint2.Task1.V15.Test", "Tyuiu.EvdokimovKP.Sprint2.Task1.V15.Test\Tyuiu.EvdokimovKP.Sprint2.Task1.V15.Test.csproj", "{183FEB25-AAE4-4F73-8ECB-0E0595910C40}"
EndProject
Project("{2150E333-8FDC-42A3-9474-1A3956D46DE8}") = "Task2.V15", "Task2.V15", "{F56117ED-D050-44D2-A320-7D097C3FA30F}"
EndProject
Project("{FAE04EC0-301F-11D3-BF4B-00C04F79EFBC}") = "Tyuiu.EvdokimovKP.Sprint2.Task2.V15", "Tyuiu.EvdokimovKP.Sprint2.Task2.V15\Tyuiu.EvdokimovKP.Sprint2.Task2.V15.csproj", "{D56560B1-5809-40A4-B1A7-F984CCBB65F6}"
EndProject
Project("{FAE04EC0-301F-11D3-BF4B-00C04F79EFBC}") = "Tyuiu.EvdokimovKP.Sprint2.Task2.V15.Lib", "Tyuiu.EvdokimovKP.Sprint2.Task2.V15.Lib\Tyuiu.EvdokimovKP.Sprint2.Task2.V15.Lib.csproj", "{53B5497F-A224-48A3-A790-6AEBED793885}"
EndProject
Project("{FAE04EC0-301F-11D3-BF4B-00C04F79EFBC}") = "Tyuiu.EvdokimovKP.Sprint2.Task2.V15.Test", "Tyuiu.EvdokimovKP.Sprint2.Task2.V15.Test\Tyuiu.EvdokimovKP.Sprint2.Task2.V15.Test.csproj", "{BBF2F88B-5D86-4934-BDEE-9B1D699113C3}"
EndProject
Project("{2150E333-8FDC-42A3-9474-1A3956D46DE8}") = "Task3.V16", "Task3.V16", "{607540BF-1026-4FE4-8794-A698766B9B0E}"
EndProject
Project("{FAE04EC0-301F-11D3-BF4B-00C04F79EFBC}") = "Tyuiu.EvdokimovKP.Sprint2.Task3.V16", "Tyuiu.EvdokimovKP.Sprint2.Task3.V16\Tyuiu.EvdokimovKP.Sprint2.Task3.V16.csproj", "{21B8CE6F-0159-456E-B2FA-F7481392320B}"
EndProject
Project("{FAE04EC0-301F-11D3-BF4B-00C04F79EFBC}") = "Tyuiu.EvdokimovKP.Sprint2.Task3.V16.Lib", "Tyuiu.EvdokimovKP.Sprint2.Task3.V16.Lib\Tyuiu.EvdokimovKP.Sprint2.Task3.V16.Lib.csproj", "{07DE26EA-8B42-441B-9BDA-B87F5D76851C}"
EndProject
Project("{FAE04EC0-301F-11D3-BF4B-00C04F79EFBC}") = "Tyuiu.EvdokimovKP.Sprint2.Task3.V16.Test", "Tyuiu.EvdokimovKP.Sprint2.Task3.V16.Test\Tyuiu.EvdokimovKP.Sprint2.Task3.V16.Test.csproj", "{74219A0D-1615-4D16-AA64-778AFBC518E0}"
EndProject
Project("{2150E333-8FDC-42A3-9474-1A3956D46DE8}") = "Task4.V15", "Task4.V15", "{6E5D384A-81A5-4C83-836B-2B7842A75B17}"
EndProject
Project("{FAE04EC0-301F-11D3-BF4B-00C04F79EFBC}") = "Tyuiu.EvdokimovKP.Sprint2.Task4.V15", "Tyuiu.EvdokimovKP.Sprint2.Task4.V15\Tyuiu.EvdokimovKP.Sprint2.Task4.V15.csproj", "{6D939225-D244-4CDC-ADE4-97122BEB703C}"
EndProject
Project("{FAE04EC0-301F-11D3-BF4B-00C04F79EFBC}") = "Tyuiu.EvdokimovKP.Sprint2.Task4.V15.Lib", "Tyuiu.EvdokimovKP.Sprint2.Task4.V15.Lib\Tyuiu.EvdokimovKP.Sprint2.Task4.V15.Lib.csproj", "{551994BE-D935-42D9-AAE7-5708CE5F5CC6}"
EndProject
Project("{FAE04EC0-301F-11D3-BF4B-00C04F79EFBC}") = "Tyuiu.EvdokimovKP.Sprint2.Task4.V15.Test", "Tyuiu.EvdokimovKP.Sprint2.Task4.V15.Test\Tyuiu.EvdokimovKP.Sprint2.Task4.V15.Test.csproj", "{B9E9F780-A930-45E0-ADB9-16AAC0BF7F7F}"
EndProject
Project("{2150E333-8FDC-42A3-9474-1A3956D46DE8}") = "Task5.V10", "Task5.V10", "{9EEEBED6-1C82-46F3-B25F-DDA0FDAABD1E}"
EndProject
Project("{FAE04EC0-301F-11D3-BF4B-00C04F79EFBC}") = "Tyuiu.EvdokimovKP.Sprint2.Task5.V10", "Tyuiu.EvdokimovKP.Sprint2.Task5.V10\Tyuiu.EvdokimovKP.Sprint2.Task5.V10.csproj", "{DF565622-F7C1-4355-833C-182C795FBB1F}"
EndProject
Project("{FAE04EC0-301F-11D3-BF4B-00C04F79EFBC}") = "Tyuiu.EvdokimovKP.Sprint2.Task5.V10.Lib", "Tyuiu.EvdokimovKP.Sprint2.Task5.V10.Lib\Tyuiu.EvdokimovKP.Sprint2.Task5.V10.Lib.csproj", "{38970CF0-EA82-4116-8943-B0CDE6DC4DB2}"
EndProject
Project("{FAE04EC0-301F-11D3-BF4B-00C04F79EFBC}") = "Tyuiu.EvdokimovKP.Sprint2.Task5.V10.Test", "Tyuiu.EvdokimovKP.Sprint2.Task5.V10.Test\Tyuiu.EvdokimovKP.Sprint2.Task5.V10.Test.csproj", "{4A74E8BF-F536-4806-BADC-A600C1DFD8CE}"
EndProject
Project("{2150E333-8FDC-42A3-9474-1A3956D46DE8}") = "Task6.V3", "Task6.V3", "{7AA83A94-D82D-4DD3-97BC-3E1736295188}"
EndProject
Project("{FAE04EC0-301F-11D3-BF4B-00C04F79EFBC}") = "Tyuiu.EvdokimovKP.Sprint2.Task6.V3", "Tyuiu.EvdokimovKP.Sprint2.Task6.V3\Tyuiu.EvdokimovKP.Sprint2.Task6.V3.csproj", "{EFEF34F5-E630-4072-A52A-69FC5B5839DB}"
EndProject
Project("{FAE04EC0-301F-11D3-BF4B-00C04F79EFBC}") = "Tyuiu.EvdokimovKP.Sprint2.Task6.V3.Lib", "Tyuiu.EvdokimovKP.Sprint2.Task6.V3.Lib\Tyuiu.EvdokimovKP.Sprint2.Task6.V3.Lib.csproj", "{D8B38C98-C57F-4D14-981A-86CF190689D9}"
EndProject
Project("{FAE04EC0-301F-11D3-BF4B-00C04F79EFBC}") = "Tyuiu.EvdokimovKP.Sprint2.Task6.V3.Test", "Tyuiu.EvdokimovKP.Sprint2.Task6.V3.Test\Tyuiu.EvdokimovKP.Sprint2.Task6.V3.Test.csproj", "{21DC75B9-6A15-4F46-B381-2648319635F4}"
EndProject
Global
	GlobalSection(SolutionConfigurationPlatforms) = preSolution
		Debug|Any CPU = Debug|Any CPU
		Release|Any CPU = Release|Any CPU
	EndGlobalSection
	GlobalSection(ProjectConfigurationPlatforms) = postSolution
		{F96ED58B-2E3D-479C-85C5-B5710D48BD75}.Debug|Any CPU.ActiveCfg = Debug|Any CPU
		{F96ED58B-2E3D-479C-85C5-B5710D48BD75}.Debug|Any CPU.Build.0 = Debug|Any CPU
		{F96ED58B-2E3D-479C-85C5-B5710D48BD75}.Release|Any CPU.ActiveCfg = Release|Any CPU
		{F96ED58B-2E3D-479C-85C5-B5710D48BD75}.Release|Any CPU.Build.0 = Release|Any CPU
		{3787A7FF-CA1E-4D32-92F1-124112E961A0}.Debug|Any CPU.ActiveCfg = Debug|Any CPU
		{3787A7FF-CA1E-4D32-92F1-124112E961A0}.Debug|Any CPU.Build.0 = Debug|Any CPU
		{3787A7FF-CA1E-4D32-92F1-124112E961A0}.Release|Any CPU.ActiveCfg = Release|Any CPU
		{3787A7FF-CA1E-4D32-92F1-124112E961A0}.Release|Any CPU.Build.0 = Release|Any CPU
		{BB2D9A65-5437-45EF-BFE6-F257A6239634}.Debug|Any CPU.ActiveCfg = Debug|Any CPU
		{BB2D9A65-5437-45EF-BFE6-F257A6239634}.Debug|Any CPU.Build.0 = Debug|Any CPU
		{BB2D9A65-5437-45EF-BFE6-F257A6239634}.Release|Any CPU.ActiveCfg = Release|Any CPU
		{BB2D9A65-5437-45EF-BFE6-F257A6239634}.Release|Any CPU.Build.0 = Release|Any CPU
		{227BC6F2-70D2-4D51-A70F-6FEB382B1BDE}.Debug|Any CPU.ActiveCfg = Debug|Any CPU
		{227BC6F2-70D2-4D51-A70F-6FEB382B1BDE}.Debug|Any CPU.Build.0 = Debug|Any CPU
		{227BC6F2-70D2-4D51-A70F-6FEB382B1BDE}.Release|Any CPU.ActiveCfg = Release|Any CPU
		{227BC6F2-70D2-4D51-A70F-6FEB382B1BDE}.Release|Any CPU.Build.0 = Release|Any CPU
		{6CB2B7AD-320F-44E4-8546-C57B2BC03A29}.Debug|Any CPU.ActiveCfg = Debug|Any CPU
		{6CB2B7AD-320F-44E4-8546-C57B2BC03A29}.Debug|Any CPU.Build.0 = Debug|Any CPU
		{6CB2B7AD-320F-44E4-8546-C57B2BC03A29}.Release|Any CPU.ActiveCfg = Release|Any CPU
		{6CB2B7AD-320F-44E4-8546-C57B2BC03A29}.Release|Any CPU.Build.0 = Release|Any CPU
		{183FEB25-AAE4-4F73-8ECB-0E0595910C40}.Debug|Any CPU.ActiveCfg = Debug|Any CPU
		{183FEB25-AAE4-4F73-8ECB-0E0595910C40}.Debug|Any CPU.Build.0 = Debug|Any CPU
		{183FEB25-AAE4-4F73-8ECB-0E0595910C40}.Release|Any CPU.ActiveCfg = Release|Any CPU
		{183FEB25-AAE4-4F73-8ECB-0E0595910C40}.Release|Any CPU.Build.0 = Release|Any CPU
		{D56560B1-5809-40A4-B1A7-F984CCBB65F6}.Debug|Any CPU.ActiveCfg = Debug|Any CPU
		{D56560B1-5809-40A4-B1A7-F984CCBB65F6}.Debug|Any CPU.Build.0 = Debug|Any CPU
		{D56560B1-5809-40A4-B1A7-F984CCBB65F6}.Release|Any CPU.ActiveCfg = Release|Any CPU
		{D56560B1-5809-40A4-B1A7-F984CCBB65F6}.Release|Any CPU.Build.0 = Release|Any CPU
		{53B5497F-A224-48A3-A790-6AEBED793885}.Debug|Any CPU.ActiveCfg = Debug|Any CPU
		{53B5497F-A224-48A3-A790-6AEBED793885}.Debug|Any CPU.Build.0 = Debug|Any CPU
		{53B5497F-A224-48A3-A790-6AEBED793885}.Release|Any CPU.ActiveCfg = Release|Any CPU
		{53B5497F-A224-48A3-A790-6AEBED793885}.Release|Any CPU.Build.0 = Release|Any CPU
		{BBF2F88B-5D86-4934-BDEE-9B1D699113C3}.Debug|Any CPU.ActiveCfg = Debug|Any CPU
		{BBF2F88B-5D86-4934-BDEE-9B1D699113C3}.Debug|Any CPU.Build.0 = Debug|Any CPU
		{BBF2F88B-5D86-4934-BDEE-9B1D699113C3}.Release|Any CPU.ActiveCfg = Release|Any CPU
		{BBF2F88B-5D86-4934-BDEE-9B1D699113C3}.Release|Any CPU.Build.0 = Release|Any CPU
		{21B8CE6F-0159-456E-B2FA-F7481392320B}.Debug|Any CPU.ActiveCfg = Debug|Any CPU
		{21B8CE6F-0159-456E-B2FA-F7481392320B}.Debug|Any CPU.Build.0 = Debug|Any CPU
		{21B8CE6F-0159-456E-B2FA-F7481392320B}.Release|Any CPU.ActiveCfg = Release|Any CPU
		{21B8CE6F-0159-456E-B2FA-F7481392320B}.Release|Any CPU.Build.0 = Release|Any CPU
		{07DE26EA-8B42-441B-9BDA-B87F5D76851C}.Debug|Any CPU.ActiveCfg = Debug|Any CPU
		{07DE26EA-8B42-441B-9BDA-B87F5D76851C}.Debug|Any CPU.Build.0 = Debug|Any CPU
		{07DE26EA-8B42-441B-9BDA-B87F5D76851C}.Release|Any CPU.ActiveCfg = Release|Any CPU
		{07DE26EA-8B42-441B-9BDA-B87F5D76851C}.Release|Any CPU.Build.0 = Release|Any CPU
		{74219A0D-1615-4D16-AA64-778AFBC518E0}.Debug|Any CPU.ActiveCfg = Debug|Any CPU
		{74219A0D-1615-4D16-AA64-778AFBC518E0}.Debug|Any CPU.Build.0 = Debug|Any CPU
		{74219A0D-1615-4D16-AA64-778AFBC518E0}.Release|Any CPU.ActiveCfg = Release|Any CPU
		{74219A0D-1615-4D16-AA64-778AFBC518E0}.Release|Any CPU.Build.0 = Release|Any CPU
		{6D939225-D244-4CDC-ADE4-97122BEB703C}.Debug|Any CPU.ActiveCfg = Debug|Any CPU
		{6D939225-D244-4CDC-ADE4-97122BEB703C}.Debug|Any CPU.Build.0 = Debug|Any CPU
		{6D939225-D244-4CDC-ADE4-97122BEB703C}.Release|Any CPU.ActiveCfg = Release|Any CPU
		{6D939225-D244-4CDC-ADE4-97122BEB703C}.Release|Any CPU.Build.0 = Release|Any CPU
		{551994BE-D935-42D9-AAE7-5708CE5F5CC6}.Debug|Any CPU.ActiveCfg = Debug|Any CPU
		{551994BE-D935-42D9-AAE7-5708CE5F5CC6}.Debug|Any CPU.Build.0 = Debug|Any CPU
		{551994BE-D935-42D9-AAE7-5708CE5F5CC6}.Release|Any CPU.ActiveCfg = Release|Any CPU
		{551994BE-D935-42D9-AAE7-5708CE5F5CC6}.Release|Any CPU.Build.0 = Release|Any CPU
		{B9E9F780-A930-45E0-ADB9-16AAC0BF7F7F}.Debug|Any CPU.ActiveCfg = Debug|Any CPU
		{B9E9F780-A930-45E0-ADB9-16AAC0BF7F7F}.Debug|Any CPU.Build.0 = Debug|Any CPU
		{B9E9F780-A930-45E0-ADB9-16AAC0BF7F7F}.Release|Any CPU.ActiveCfg = Release|Any CPU
		{B9E9F780-A930-45E0-ADB9-16AAC0BF7F7F}.Release|Any CPU.Build.0 = Release|Any CPU
		{DF565622-F7C1-4355-833C-182C795FBB1F}.Debug|Any CPU.ActiveCfg = Debug|Any CPU
		{DF565622-F7C1-4355-833C-182C795FBB1F}.Debug|Any CPU.Build.0 = Debug|Any CPU
		{DF565622-F7C1-4355-833C-182C795FBB1F}.Release|Any CPU.ActiveCfg = Release|Any CPU
		{DF565622-F7C1-4355-833C-182C795FBB1F}.Release|Any CPU.Build.0 = Release|Any CPU
		{38970CF0-EA82-4116-8943-B0CDE6DC4DB2}.Debug|Any CPU.ActiveCfg = Debug|Any CPU
		{38970CF0-EA82-4116-8943-B0CDE6DC4DB2}.Debug|Any CPU.Build.0 = Debug|Any CPU
		{38970CF0-EA82-4116-8943-B0CDE6DC4DB2}.Release|Any CPU.ActiveCfg = Release|Any CPU
		{38970CF0-EA82-4116-8943-B0CDE6DC4DB2}.Release|Any CPU.Build.0 = Release|Any CPU
		{4A74E8BF-F536-4806-BADC-A600C1DFD8CE}.Debug|Any CPU.ActiveCfg = Debug|Any CPU
		{4A74E8BF-F536-4806-BADC-A600C1DFD8CE}.Debug|Any CPU.Build.0 = Debug|Any CPU
		{4A74E8BF-F536-4806-BADC-A600C1DFD8CE}.Release|Any CPU.ActiveCfg = Release|Any CPU
		{4A74E8BF-F536-4806-BADC-A600C1DFD8CE}.Release|Any CPU.Build.0 = Release|Any CPU
		{EFEF34F5-E630-4072-A52A-69FC5B5839DB}.Debug|Any CPU.ActiveCfg = Debug|Any CPU
		{EFEF34F5-E630-4072-A52A-69FC5B5839DB}.Debug|Any CPU.Build.0 = Debug|Any CPU
		{EFEF34F5-E630-4072-A52A-69FC5B5839DB}.Release|Any CPU.ActiveCfg = Release|Any CPU
		{EFEF34F5-E630-4072-A52A-69FC5B5839DB}.Release|Any CPU.Build.0 = Release|Any CPU
		{D8B38C98-C57F-4D14-981A-86CF190689D9}.Debug|Any CPU.ActiveCfg = Debug|Any CPU
		{D8B38C98-C57F-4D14-981A-86CF190689D9}.Debug|Any CPU.Build.0 = Debug|Any CPU
		{D8B38C98-C57F-4D14-981A-86CF190689D9}.Release|Any CPU.ActiveCfg = Release|Any CPU
		{D8B38C98-C57F-4D14-981A-86CF190689D9}.Release|Any CPU.Build.0 = Release|Any CPU
		{21DC75B9-6A15-4F46-B381-2648319635F4}.Debug|Any CPU.ActiveCfg = Debug|Any CPU
		{21DC75B9-6A15-4F46-B381-2648319635F4}.Debug|Any CPU.Build.0 = Debug|Any CPU
		{21DC75B9-6A15-4F46-B381-2648319635F4}.Release|Any CPU.ActiveCfg = Release|Any CPU
		{21DC75B9-6A15-4F46-B381-2648319635F4}.Release|Any CPU.Build.0 = Release|Any CPU
	EndGlobalSection
	GlobalSection(SolutionProperties) = preSolution
		HideSolutionNode = FALSE
	EndGlobalSection
	GlobalSection(NestedProjects) = preSolution
		{F96ED58B-2E3D-479C-85C5-B5710D48BD75} = {36D591C7-65C7-A0D1-1CBC-10CDE441BDC8}
		{3787A7FF-CA1E-4D32-92F1-124112E961A0} = {36D591C7-65C7-A0D1-1CBC-10CDE441BDC8}
		{BB2D9A65-5437-45EF-BFE6-F257A6239634} = {36D591C7-65C7-A0D1-1CBC-10CDE441BDC8}
		{227BC6F2-70D2-4D51-A70F-6FEB382B1BDE} = {5699FEB9-ED76-4FAC-8803-30215D0BCB5F}
		{6CB2B7AD-320F-44E4-8546-C57B2BC03A29} = {5699FEB9-ED76-4FAC-8803-30215D0BCB5F}
		{183FEB25-AAE4-4F73-8ECB-0E0595910C40} = {5699FEB9-ED76-4FAC-8803-30215D0BCB5F}
		{D56560B1-5809-40A4-B1A7-F984CCBB65F6} = {F56117ED-D050-44D2-A320-7D097C3FA30F}
		{53B5497F-A224-48A3-A790-6AEBED793885} = {F56117ED-D050-44D2-A320-7D097C3FA30F}
		{BBF2F88B-5D86-4934-BDEE-9B1D699113C3} = {F56117ED-D050-44D2-A320-7D097C3FA30F}
		{21B8CE6F-0159-456E-B2FA-F7481392320B} = {607540BF-1026-4FE4-8794-A698766B9B0E}
		{07DE26EA-8B42-441B-9BDA-B87F5D76851C} = {607540BF-1026-4FE4-8794-A698766B9B0E}
		{74219A0D-1615-4D16-AA64-778AFBC518E0} = {607540BF-1026-4FE4-8794-A698766B9B0E}
		{6D939225-D244-4CDC-ADE4-97122BEB703C} = {6E5D384A-81A5-4C83-836B-2B7842A75B17}
		{551994BE-D935-42D9-AAE7-5708CE5F5CC6} = {6E5D384A-81A5-4C83-836B-2B7842A75B17}
		{B9E9F780-A930-45E0-ADB9-16AAC0BF7F7F} = {6E5D384A-81A5-4C83-836B-2B7842A75B17}
		{DF565622-F7C1-4355-833C-182C795FBB1F} = {9EEEBED6-1C82-46F3-B25F-DDA0FDAABD1E}
		{38970CF0-EA82-4116-8943-B0CDE6DC4DB2} = {9EEEBED6-1C82-46F3-B25F-DDA0FDAABD1E}
		{4A74E8BF-F536-4806-BADC-A600C1DFD8CE} = {9EEEBED6-1C82-46F3-B25F-DDA0FDAABD1E}
		{EFEF34F5-E630-4072-A52A-69FC5B5839DB} = {7AA83A94-D82D-4DD3-97BC-3E1736295188}
		{D8B38C98-C57F-4D14-981A-86CF190689D9} = {7AA83A94-D82D-4DD3-97BC-3E1736295188}
		{21DC75B9-6A15-4F46-B381-2648319635F4} = {7AA83A94-D82D-4DD3-97BC-3E1736295188}
	EndGlobalSection
	GlobalSection(ExtensibilityGlobals) = postSolution
		SolutionGuid = {3127310C-01CF-4D4B-A002-D804A6C7BAB2}
	EndGlobalSection
EndGlobal
