
Microsoft Visual Studio Solution File, Format Version 12.00
# Visual Studio Version 17
VisualStudioVersion = 17.14.36414.22 d17.14
MinimumVisualStudioVersion = 10.0.40219.1
Project("{2150E333-8FDC-42A3-9474-1A3956D46DE8}") = "Task0.V26", "Task0.V26", "{36D591C7-65C7-A0D1-1CBC-10CDE441BDC8}"
EndProject
Project("{FAE04EC0-301F-11D3-BF4B-00C04F79EFBC}") = "Tyuiu.EvdokimovKP.Sprint2.Task0.V26", "Tyuiu.EvdokimovKP.Sprint2.Task0.V26\Tyuiu.EvdokimovKP.Sprint2.Task0.V26.csproj", "{F96ED58B-2E3D-479C-85C5-B5710D48BD75}"
EndProject
Project("{FAE04EC0-301F-11D3-BF4B-00C04F79EFBC}") = "Tyuiu.EvdokimovKP.Sprint2.Task0.V26.Lib", "Tyuiu.EvdokimovKP.Sprint2.Task0.V26.Lib\Tyuiu.EvdokimovKP.Sprint2.Task0.V26.Lib.csproj", "{3787A7FF-CA1E-4D32-92F1-124112E961A0}"
EndProject
Project("{FAE04EC0-301F-11D3-BF4B-00C04F79EFBC}") = "Tyuiu.EvdokimovKP.Sprint2.Task0.V26.Test", "Tyuiu.EvdokimovKP.Sprint2.Task0.V26.Test\Tyuiu.EvdokimovKP.Sprint2.Task0.V26.Test.csproj", "{BB2D9A65-5437-45EF-BFE6-F257A6239634}"
EndProject
Global
	GlobalSection(SolutionConfigurationPlatforms) = preSolution
		Debug|Any CPU = Debug|Any CPU
		Release|Any CPU = Release|Any CPU
	EndGlobalSection
	GlobalSection(ProjectConfigurationPlatforms) = postSolution
		{F96ED58B-2E3D-479C-85C5-B5710D48BD75}.Debug|Any CPU.ActiveCfg = Debug|Any CPU
		{F96ED58B-2E3D-479C-85C5-B5710D48BD75}.Debug|Any CPU.Build.0 = Debug|Any CPU
		{F96ED58B-2E3D-479C-85C5-B5710D48BD75}.Release|Any CPU.ActiveCfg = Release|Any CPU
		{F96ED58B-2E3D-479C-85C5-B5710D48BD75}.Release|Any CPU.Build.0 = Release|Any CPU
		{3787A7FF-CA1E-4D32-92F1-124112E961A0}.Debug|Any CPU.ActiveCfg = Debug|Any CPU
		{3787A7FF-CA1E-4D32-92F1-124112E961A0}.Debug|Any CPU.Build.0 = Debug|Any CPU
		{3787A7FF-CA1E-4D32-92F1-124112E961A0}.Release|Any CPU.ActiveCfg = Release|Any CPU
		{3787A7FF-CA1E-4D32-92F1-124112E961A0}.Release|Any CPU.Build.0 = Release|Any CPU
		{BB2D9A65-5437-45EF-BFE6-F257A6239634}.Debug|Any CPU.ActiveCfg = Debug|Any CPU
		{BB2D9A65-5437-45EF-BFE6-F257A6239634}.Debug|Any CPU.Build.0 = Debug|Any CPU
		{BB2D9A65-5437-45EF-BFE6-F257A6239634}.Release|Any CPU.ActiveCfg = Release|Any CPU
		{BB2D9A65-5437-45EF-BFE6-F257A6239634}.Release|Any CPU.Build.0 = Release|Any CPU
	EndGlobalSection
	GlobalSection(SolutionProperties) = preSolution
		HideSolutionNode = FALSE
	EndGlobalSection
	GlobalSection(NestedProjects) = preSolution
		{F96ED58B-2E3D-479C-85C5-B5710D48BD75} = {36D591C7-65C7-A0D1-1CBC-10CDE441BDC8}
		{3787A7FF-CA1E-4D32-92F1-124112E961A0} = {36D591C7-65C7-A0D1-1CBC-10CDE441BDC8}
		{BB2D9A65-5437-45EF-BFE6-F257A6239634} = {36D591C7-65C7-A0D1-1CBC-10CDE441BDC8}
	EndGlobalSection
	GlobalSection(ExtensibilityGlobals) = postSolution
		SolutionGuid = {3127310C-01CF-4D4B-A002-D804A6C7BAB2}
	EndGlobalSection
EndGlobal
